PODS:
  - MQTTClient (0.15.2):
    - MQTTClient/Core (= 0.15.2)
  - MQTTClient/Core (0.15.2):
    - MQTTClient/Manager
    - MQTTClient/Min
  - MQTTClient/Manager (0.15.2):
    - MQTTClient/Min
  - MQTTClient/Min (0.15.2)

DEPENDENCIES:
  - MQTTClient

SPEC REPOS:
  https://github.com/cocoapods/specs.git:
    - MQTTClient

SPEC CHECKSUMS:
  MQTTClient: 902c7bcac1501595f3d0b15178c7205b40331fb0

PODFILE CHECKSUM: af571314a52a531a6272d07c02236032bb373dea

COCOAPODS: 1.6.0.beta.2
