// !$*UTF8*$!
{
	archiveVersion = 1;
	classes = {
	};
	objectVersion = 46;
	objects = {

/* Begin PBXBuildFile section */
		84B65C6B1CF39DA50089B477 /* AppDelegate.swift in Sources */ = {isa = PBXBuildFile; fileRef = 84B65C6A1CF39DA50089B477 /* AppDelegate.swift */; };
		84B65C6D1CF39DA50089B477 /* ViewController.swift in Sources */ = {isa = PBXBuildFile; fileRef = 84B65C6C1CF39DA50089B477 /* ViewController.swift */; };
		84B65C701CF39DA50089B477 /* Main.storyboard in Resources */ = {isa = PBXBuildFile; fileRef = 84B65C6E1CF39DA50089B477 /* Main.storyboard */; };
		84B65C721CF39DA50089B477 /* Assets.xcassets in Resources */ = {isa = PBXBuildFile; fileRef = 84B65C711CF39DA50089B477 /* Assets.xcassets */; };
		84B65C751CF39DA50089B477 /* LaunchScreen.storyboard in Resources */ = {isa = PBXBuildFile; fileRef = 84B65C731CF39DA50089B477 /* LaunchScreen.storyboard */; };
		95ECD3F6857E94FFDFAD4B66 /* Pods_MQTTSwift.framework in Frameworks */ = {isa = PBXBuildFile; fileRef = D14CF6C457355F7BDBFBA98B /* Pods_MQTTSwift.framework */; };
		C7373045229D5DD300E974EA /* UITests.swift in Sources */ = {isa = PBXBuildFile; fileRef = C7373044229D5DD300E974EA /* UITests.swift */; };
/* End PBXBuildFile section */

/* Begin PBXContainerItemProxy section */
		C7373047229D5DD300E974EA /* PBXContainerItemProxy */ = {
			isa = PBXContainerItemProxy;
			containerPortal = 84B65C5F1CF39DA50089B477 /* Project object */;
			proxyType = 1;
			remoteGlobalIDString = 84B65C661CF39DA50089B477;
			remoteInfo = Example;
		};
/* End PBXContainerItemProxy section */

/* Begin PBXFileReference section */
		0887A182A21ED76531A9BFCE /* Pods-MQTTSwift.release.xcconfig */ = {isa = PBXFileReference; includeInIndex = 1; lastKnownFileType = text.xcconfig; name = "Pods-MQTTSwift.release.xcconfig"; path = "Pods/Target Support Files/Pods-MQTTSwift/Pods-MQTTSwift.release.xcconfig"; sourceTree = "<group>"; };
		84B65C671CF39DA50089B477 /* Example.app */ = {isa = PBXFileReference; explicitFileType = wrapper.application; includeInIndex = 0; path = Example.app; sourceTree = BUILT_PRODUCTS_DIR; };
		84B65C6A1CF39DA50089B477 /* AppDelegate.swift */ = {isa = PBXFileReference; lastKnownFileType = sourcecode.swift; path = AppDelegate.swift; sourceTree = "<group>"; };
		84B65C6C1CF39DA50089B477 /* ViewController.swift */ = {isa = PBXFileReference; lastKnownFileType = sourcecode.swift; path = ViewController.swift; sourceTree = "<group>"; };
		84B65C6F1CF39DA50089B477 /* Base */ = {isa = PBXFileReference; lastKnownFileType = file.storyboard; name = Base; path = Base.lproj/Main.storyboard; sourceTree = "<group>"; };
		84B65C711CF39DA50089B477 /* Assets.xcassets */ = {isa = PBXFileReference; lastKnownFileType = folder.assetcatalog; path = Assets.xcassets; sourceTree = "<group>"; };
		84B65C741CF39DA50089B477 /* Base */ = {isa = PBXFileReference; lastKnownFileType = file.storyboard; name = Base; path = Base.lproj/LaunchScreen.storyboard; sourceTree = "<group>"; };
		84B65C761CF39DA50089B477 /* Info.plist */ = {isa = PBXFileReference; lastKnownFileType = text.plist.xml; path = Info.plist; sourceTree = "<group>"; };
		C7373042229D5DD300E974EA /* UITests.xctest */ = {isa = PBXFileReference; explicitFileType = wrapper.cfbundle; includeInIndex = 0; path = UITests.xctest; sourceTree = BUILT_PRODUCTS_DIR; };
		C7373044229D5DD300E974EA /* UITests.swift */ = {isa = PBXFileReference; lastKnownFileType = sourcecode.swift; path = UITests.swift; sourceTree = "<group>"; };
		C7373046229D5DD300E974EA /* Info.plist */ = {isa = PBXFileReference; lastKnownFileType = text.plist.xml; path = Info.plist; sourceTree = "<group>"; };
		CB7967891DB93DF9E94CD2F8 /* Pods-MQTTSwift.debug.xcconfig */ = {isa = PBXFileReference; includeInIndex = 1; lastKnownFileType = text.xcconfig; name = "Pods-MQTTSwift.debug.xcconfig"; path = "Pods/Target Support Files/Pods-MQTTSwift/Pods-MQTTSwift.debug.xcconfig"; sourceTree = "<group>"; };
		D14CF6C457355F7BDBFBA98B /* Pods_MQTTSwift.framework */ = {isa = PBXFileReference; explicitFileType = wrapper.framework; includeInIndex = 0; path = Pods_MQTTSwift.framework; sourceTree = BUILT_PRODUCTS_DIR; };
/* End PBXFileReference section */

/* Begin PBXFrameworksBuildPhase section */
		84B65C641CF39DA50089B477 /* Frameworks */ = {
			isa = PBXFrameworksBuildPhase;
			buildActionMask = 2147483647;
			files = (
				95ECD3F6857E94FFDFAD4B66 /* Pods_MQTTSwift.framework in Frameworks */,
			);
			runOnlyForDeploymentPostprocessing = 0;
		};
		C737303F229D5DD300E974EA /* Frameworks */ = {
			isa = PBXFrameworksBuildPhase;
			buildActionMask = 2147483647;
			files = (
			);
			runOnlyForDeploymentPostprocessing = 0;
		};
/* End PBXFrameworksBuildPhase section */

/* Begin PBXGroup section */
		4A3C326FCB8B312427A2376C /* Frameworks */ = {
			isa = PBXGroup;
			children = (
				D14CF6C457355F7BDBFBA98B /* Pods_MQTTSwift.framework */,
			);
			name = Frameworks;
			sourceTree = "<group>";
		};
		84B65C5E1CF39DA50089B477 = {
			isa = PBXGroup;
			children = (
				84B65C691CF39DA50089B477 /* Example */,
				C7373043229D5DD300E974EA /* UITests */,
				84B65C681CF39DA50089B477 /* Products */,
				E51FC76FD75427887B43C7BE /* Pods */,
				4A3C326FCB8B312427A2376C /* Frameworks */,
			);
			sourceTree = "<group>";
		};
		84B65C681CF39DA50089B477 /* Products */ = {
			isa = PBXGroup;
			children = (
				84B65C671CF39DA50089B477 /* Example.app */,
				C7373042229D5DD300E974EA /* UITests.xctest */,
			);
			name = Products;
			sourceTree = "<group>";
		};
		84B65C691CF39DA50089B477 /* Example */ = {
			isa = PBXGroup;
			children = (
				84B65C6A1CF39DA50089B477 /* AppDelegate.swift */,
				84B65C6C1CF39DA50089B477 /* ViewController.swift */,
				84B65C6E1CF39DA50089B477 /* Main.storyboard */,
				84B65C711CF39DA50089B477 /* Assets.xcassets */,
				84B65C731CF39DA50089B477 /* LaunchScreen.storyboard */,
				84B65C761CF39DA50089B477 /* Info.plist */,
			);
			path = Example;
			sourceTree = "<group>";
		};
		C7373043229D5DD300E974EA /* UITests */ = {
			isa = PBXGroup;
			children = (
				C7373044229D5DD300E974EA /* UITests.swift */,
				C7373046229D5DD300E974EA /* Info.plist */,
			);
			path = UITests;
			sourceTree = "<group>";
		};
		E51FC76FD75427887B43C7BE /* Pods */ = {
			isa = PBXGroup;
			children = (
				CB7967891DB93DF9E94CD2F8 /* Pods-MQTTSwift.debug.xcconfig */,
				0887A182A21ED76531A9BFCE /* Pods-MQTTSwift.release.xcconfig */,
			);
			name = Pods;
			sourceTree = "<group>";
		};
/* End PBXGroup section */

/* Begin PBXNativeTarget section */
		84B65C661CF39DA50089B477 /* Example */ = {
			isa = PBXNativeTarget;
			buildConfigurationList = 84B65C791CF39DA50089B477 /* Build configuration list for PBXNativeTarget "Example" */;
			buildPhases = (
				A1EFE0BBEADAC354651BBCBF /* [CP] Check Pods Manifest.lock */,
				20400CA1FA398E0F3FA8BBCC /* 📦 Check Pods Manifest.lock */,
				84B65C631CF39DA50089B477 /* Sources */,
				84B65C641CF39DA50089B477 /* Frameworks */,
				84B65C651CF39DA50089B477 /* Resources */,
				40B1B7E41B9CF4E0394EECFB /* 📦 Embed Pods Frameworks */,
				CF00B0ECCF5052ABA8A3411A /* [CP] Embed Pods Frameworks */,
			);
			buildRules = (
			);
			dependencies = (
			);
			name = Example;
			productName = MQTTSwift;
			productReference = 84B65C671CF39DA50089B477 /* Example.app */;
			productType = "com.apple.product-type.application";
		};
		C7373041229D5DD300E974EA /* UITests */ = {
			isa = PBXNativeTarget;
			buildConfigurationList = C737304B229D5DD300E974EA /* Build configuration list for PBXNativeTarget "UITests" */;
			buildPhases = (
				C737303E229D5DD300E974EA /* Sources */,
				C737303F229D5DD300E974EA /* Frameworks */,
				C7373040229D5DD300E974EA /* Resources */,
			);
			buildRules = (
			);
			dependencies = (
				C7373048229D5DD300E974EA /* PBXTargetDependency */,
			);
			name = UITests;
			productName = UITests;
			productReference = C7373042229D5DD300E974EA /* UITests.xctest */;
			productType = "com.apple.product-type.bundle.ui-testing";
		};
/* End PBXNativeTarget section */

/* Begin PBXProject section */
		84B65C5F1CF39DA50089B477 /* Project object */ = {
			isa = PBXProject;
			attributes = {
				LastSwiftUpdateCheck = 1020;
				LastUpgradeCheck = 1020;
				ORGANIZATIONNAME = OwnTracks;
				TargetAttributes = {
					84B65C661CF39DA50089B477 = {
						CreatedOnToolsVersion = 7.3.1;
						LastSwiftMigration = 0800;
					};
					C7373041229D5DD300E974EA = {
						CreatedOnToolsVersion = 10.2.1;
						ProvisioningStyle = Automatic;
						TestTargetID = 84B65C661CF39DA50089B477;
					};
				};
			};
			buildConfigurationList = 84B65C621CF39DA50089B477 /* Build configuration list for PBXProject "Example" */;
			compatibilityVersion = "Xcode 3.2";
			developmentRegion = English;
			hasScannedForEncodings = 0;
			knownRegions = (
				English,
				en,
				Base,
			);
			mainGroup = 84B65C5E1CF39DA50089B477;
			productRefGroup = 84B65C681CF39DA50089B477 /* Products */;
			projectDirPath = "";
			projectRoot = "";
			targets = (
				84B65C661CF39DA50089B477 /* Example */,
				C7373041229D5DD300E974EA /* UITests */,
			);
		};
/* End PBXProject section */

/* Begin PBXResourcesBuildPhase section */
		84B65C651CF39DA50089B477 /* Resources */ = {
			isa = PBXResourcesBuildPhase;
			buildActionMask = 2147483647;
			files = (
				84B65C751CF39DA50089B477 /* LaunchScreen.storyboard in Resources */,
				84B65C721CF39DA50089B477 /* Assets.xcassets in Resources */,
				84B65C701CF39DA50089B477 /* Main.storyboard in Resources */,
			);
			runOnlyForDeploymentPostprocessing = 0;
		};
		C7373040229D5DD300E974EA /* Resources */ = {
			isa = PBXResourcesBuildPhase;
			buildActionMask = 2147483647;
			files = (
			);
			runOnlyForDeploymentPostprocessing = 0;
		};
/* End PBXResourcesBuildPhase section */

/* Begin PBXShellScriptBuildPhase section */
		20400CA1FA398E0F3FA8BBCC /* 📦 Check Pods Manifest.lock */ = {
			isa = PBXShellScriptBuildPhase;
			buildActionMask = 2147483647;
			files = (
			);
			inputPaths = (
			);
			name = "📦 Check Pods Manifest.lock";
			outputPaths = (
			);
			runOnlyForDeploymentPostprocessing = 0;
			shellPath = /bin/sh;
			shellScript = "diff \"${PODS_ROOT}/../Podfile.lock\" \"${PODS_ROOT}/Manifest.lock\" > /dev/null\nif [[ $? != 0 ]] ; then\n    cat << EOM\nerror: The sandbox is not in sync with the Podfile.lock. Run 'pod install' or update your CocoaPods installation.\nEOM\n    exit 1\nfi\n";
			showEnvVarsInLog = 0;
		};
		40B1B7E41B9CF4E0394EECFB /* 📦 Embed Pods Frameworks */ = {
			isa = PBXShellScriptBuildPhase;
			buildActionMask = 2147483647;
			files = (
			);
			inputPaths = (
			);
			name = "📦 Embed Pods Frameworks";
			outputPaths = (
			);
			runOnlyForDeploymentPostprocessing = 0;
			shellPath = /bin/sh;
			shellScript = "\"${SRCROOT}/Pods/Target Support Files/Pods-MQTTSwift/Pods-MQTTSwift-frameworks.sh\"\n";
			showEnvVarsInLog = 0;
		};
		A1EFE0BBEADAC354651BBCBF /* [CP] Check Pods Manifest.lock */ = {
			isa = PBXShellScriptBuildPhase;
			buildActionMask = 2147483647;
			files = (
			);
			inputFileListPaths = (
			);
			inputPaths = (
				"${PODS_PODFILE_DIR_PATH}/Podfile.lock",
				"${PODS_ROOT}/Manifest.lock",
			);
			name = "[CP] Check Pods Manifest.lock";
			outputFileListPaths = (
			);
			outputPaths = (
				"$(DERIVED_FILE_DIR)/Pods-MQTTSwift-checkManifestLockResult.txt",
			);
			runOnlyForDeploymentPostprocessing = 0;
			shellPath = /bin/sh;
			shellScript = "diff \"${PODS_PODFILE_DIR_PATH}/Podfile.lock\" \"${PODS_ROOT}/Manifest.lock\" > /dev/null\nif [ $? != 0 ] ; then\n    # print error to STDERR\n    echo \"error: The sandbox is not in sync with the Podfile.lock. Run 'pod install' or update your CocoaPods installation.\" >&2\n    exit 1\nfi\n# This output is used by Xcode 'outputs' to avoid re-running this script phase.\necho \"SUCCESS\" > \"${SCRIPT_OUTPUT_FILE_0}\"\n";
			showEnvVarsInLog = 0;
		};
		CF00B0ECCF5052ABA8A3411A /* [CP] Embed Pods Frameworks */ = {
			isa = PBXShellScriptBuildPhase;
			buildActionMask = 2147483647;
			files = (
			);
			inputFileListPaths = (
			);
			inputPaths = (
				"${PODS_ROOT}/Target Support Files/Pods-MQTTSwift/Pods-MQTTSwift-frameworks.sh",
				"${BUILT_PRODUCTS_DIR}/MQTTClient/MQTTClient.framework",
			);
			name = "[CP] Embed Pods Frameworks";
			outputFileListPaths = (
			);
			outputPaths = (
				"${TARGET_BUILD_DIR}/${FRAMEWORKS_FOLDER_PATH}/MQTTClient.framework",
			);
			runOnlyForDeploymentPostprocessing = 0;
			shellPath = /bin/sh;
			shellScript = "\"${PODS_ROOT}/Target Support Files/Pods-MQTTSwift/Pods-MQTTSwift-frameworks.sh\"\n";
			showEnvVarsInLog = 0;
		};
/* End PBXShellScriptBuildPhase section */

/* Begin PBXSourcesBuildPhase section */
		84B65C631CF39DA50089B477 /* Sources */ = {
			isa = PBXSourcesBuildPhase;
			buildActionMask = 2147483647;
			files = (
				84B65C6D1CF39DA50089B477 /* ViewController.swift in Sources */,
				84B65C6B1CF39DA50089B477 /* AppDelegate.swift in Sources */,
			);
			runOnlyForDeploymentPostprocessing = 0;
		};
		C737303E229D5DD300E974EA /* Sources */ = {
			isa = PBXSourcesBuildPhase;
			buildActionMask = 2147483647;
			files = (
				C7373045229D5DD300E974EA /* UITests.swift in Sources */,
			);
			runOnlyForDeploymentPostprocessing = 0;
		};
/* End PBXSourcesBuildPhase section */

/* Begin PBXTargetDependency section */
		C7373048229D5DD300E974EA /* PBXTargetDependency */ = {
			isa = PBXTargetDependency;
			target = 84B65C661CF39DA50089B477 /* Example */;
			targetProxy = C7373047229D5DD300E974EA /* PBXContainerItemProxy */;
		};
/* End PBXTargetDependency section */

/* Begin PBXVariantGroup section */
		84B65C6E1CF39DA50089B477 /* Main.storyboard */ = {
			isa = PBXVariantGroup;
			children = (
				84B65C6F1CF39DA50089B477 /* Base */,
			);
			name = Main.storyboard;
			sourceTree = "<group>";
		};
		84B65C731CF39DA50089B477 /* LaunchScreen.storyboard */ = {
			isa = PBXVariantGroup;
			children = (
				84B65C741CF39DA50089B477 /* Base */,
			);
			name = LaunchScreen.storyboard;
			sourceTree = "<group>";
		};
/* End PBXVariantGroup section */

/* Begin XCBuildConfiguration section */
		84B65C771CF39DA50089B477 /* Debug */ = {
			isa = XCBuildConfiguration;
			buildSettings = {
				ALWAYS_SEARCH_USER_PATHS = NO;
				CLANG_ANALYZER_LOCALIZABILITY_NONLOCALIZED = YES;
				CLANG_ANALYZER_NONNULL = YES;
				CLANG_CXX_LANGUAGE_STANDARD = "gnu++0x";
				CLANG_CXX_LIBRARY = "libc++";
				CLANG_ENABLE_MODULES = YES;
				CLANG_ENABLE_OBJC_ARC = YES;
				CLANG_WARN_BLOCK_CAPTURE_AUTORELEASING = YES;
				CLANG_WARN_BOOL_CONVERSION = YES;
				CLANG_WARN_COMMA = YES;
				CLANG_WARN_CONSTANT_CONVERSION = YES;
				CLANG_WARN_DEPRECATED_OBJC_IMPLEMENTATIONS = YES;
				CLANG_WARN_DIRECT_OBJC_ISA_USAGE = YES_ERROR;
				CLANG_WARN_EMPTY_BODY = YES;
				CLANG_WARN_ENUM_CONVERSION = YES;
				CLANG_WARN_INFINITE_RECURSION = YES;
				CLANG_WARN_INT_CONVERSION = YES;
				CLANG_WARN_NON_LITERAL_NULL_CONVERSION = YES;
				CLANG_WARN_OBJC_IMPLICIT_RETAIN_SELF = YES;
				CLANG_WARN_OBJC_LITERAL_CONVERSION = YES;
				CLANG_WARN_OBJC_ROOT_CLASS = YES_ERROR;
				CLANG_WARN_RANGE_LOOP_ANALYSIS = YES;
				CLANG_WARN_STRICT_PROTOTYPES = YES;
				CLANG_WARN_SUSPICIOUS_MOVE = YES;
				CLANG_WARN_UNREACHABLE_CODE = YES;
				CLANG_WARN__DUPLICATE_METHOD_MATCH = YES;
				"CODE_SIGN_IDENTITY[sdk=iphoneos*]" = "iPhone Developer";
				COPY_PHASE_STRIP = NO;
				DEBUG_INFORMATION_FORMAT = dwarf;
				ENABLE_STRICT_OBJC_MSGSEND = YES;
				ENABLE_TESTABILITY = YES;
				GCC_C_LANGUAGE_STANDARD = gnu99;
				GCC_DYNAMIC_NO_PIC = NO;
				GCC_NO_COMMON_BLOCKS = YES;
				GCC_OPTIMIZATION_LEVEL = 0;
				GCC_PREPROCESSOR_DEFINITIONS = (
					"DEBUG=1",
					"$(inherited)",
				);
				GCC_WARN_64_TO_32_BIT_CONVERSION = YES;
				GCC_WARN_ABOUT_RETURN_TYPE = YES_ERROR;
				GCC_WARN_UNDECLARED_SELECTOR = YES;
				GCC_WARN_UNINITIALIZED_AUTOS = YES_AGGRESSIVE;
				GCC_WARN_UNUSED_FUNCTION = YES;
				GCC_WARN_UNUSED_VARIABLE = YES;
				IPHONEOS_DEPLOYMENT_TARGET = 9.3;
				MTL_ENABLE_DEBUG_INFO = YES;
				ONLY_ACTIVE_ARCH = YES;
				SDKROOT = iphoneos;
				SWIFT_OPTIMIZATION_LEVEL = "-Onone";
				SWIFT_VERSION = 5.0;
				TARGETED_DEVICE_FAMILY = "1,2";
			};
			name = Debug;
		};
		84B65C781CF39DA50089B477 /* Release */ = {
			isa = XCBuildConfiguration;
			buildSettings = {
				ALWAYS_SEARCH_USER_PATHS = NO;
				CLANG_ANALYZER_LOCALIZABILITY_NONLOCALIZED = YES;
				CLANG_ANALYZER_NONNULL = YES;
				CLANG_CXX_LANGUAGE_STANDARD = "gnu++0x";
				CLANG_CXX_LIBRARY = "libc++";
				CLANG_ENABLE_MODULES = YES;
				CLANG_ENABLE_OBJC_ARC = YES;
				CLANG_WARN_BLOCK_CAPTURE_AUTORELEASING = YES;
				CLANG_WARN_BOOL_CONVERSION = YES;
				CLANG_WARN_COMMA = YES;
				CLANG_WARN_CONSTANT_CONVERSION = YES;
				CLANG_WARN_DEPRECATED_OBJC_IMPLEMENTATIONS = YES;
				CLANG_WARN_DIRECT_OBJC_ISA_USAGE = YES_ERROR;
				CLANG_WARN_EMPTY_BODY = YES;
				CLANG_WARN_ENUM_CONVERSION = YES;
				CLANG_WARN_INFINITE_RECURSION = YES;
				CLANG_WARN_INT_CONVERSION = YES;
				CLANG_WARN_NON_LITERAL_NULL_CONVERSION = YES;
				CLANG_WARN_OBJC_IMPLICIT_RETAIN_SELF = YES;
				CLANG_WARN_OBJC_LITERAL_CONVERSION = YES;
				CLANG_WARN_OBJC_ROOT_CLASS = YES_ERROR;
				CLANG_WARN_RANGE_LOOP_ANALYSIS = YES;
				CLANG_WARN_STRICT_PROTOTYPES = YES;
				CLANG_WARN_SUSPICIOUS_MOVE = YES;
				CLANG_WARN_UNREACHABLE_CODE = YES;
				CLANG_WARN__DUPLICATE_METHOD_MATCH = YES;
				"CODE_SIGN_IDENTITY[sdk=iphoneos*]" = "iPhone Developer";
				COPY_PHASE_STRIP = NO;
				DEBUG_INFORMATION_FORMAT = "dwarf-with-dsym";
				ENABLE_NS_ASSERTIONS = NO;
				ENABLE_STRICT_OBJC_MSGSEND = YES;
				GCC_C_LANGUAGE_STANDARD = gnu99;
				GCC_NO_COMMON_BLOCKS = YES;
				GCC_WARN_64_TO_32_BIT_CONVERSION = YES;
				GCC_WARN_ABOUT_RETURN_TYPE = YES_ERROR;
				GCC_WARN_UNDECLARED_SELECTOR = YES;
				GCC_WARN_UNINITIALIZED_AUTOS = YES_AGGRESSIVE;
				GCC_WARN_UNUSED_FUNCTION = YES;
				GCC_WARN_UNUSED_VARIABLE = YES;
				IPHONEOS_DEPLOYMENT_TARGET = 9.3;
				MTL_ENABLE_DEBUG_INFO = NO;
				SDKROOT = iphoneos;
				SWIFT_OPTIMIZATION_LEVEL = "-Owholemodule";
				SWIFT_VERSION = 5.0;
				TARGETED_DEVICE_FAMILY = "1,2";
				VALIDATE_PRODUCT = YES;
			};
			name = Release;
		};
		84B65C7A1CF39DA50089B477 /* Debug */ = {
			isa = XCBuildConfiguration;
			baseConfigurationReference = CB7967891DB93DF9E94CD2F8 /* Pods-MQTTSwift.debug.xcconfig */;
			buildSettings = {
				ASSETCATALOG_COMPILER_APPICON_NAME = AppIcon;
				INFOPLIST_FILE = Example/Info.plist;
				LD_RUNPATH_SEARCH_PATHS = "$(inherited) @executable_path/Frameworks";
				PRODUCT_BUNDLE_IDENTIFIER = org.owntracks.MQTTSwift;
				PRODUCT_NAME = "$(TARGET_NAME)";
			};
			name = Debug;
		};
		84B65C7B1CF39DA50089B477 /* Release */ = {
			isa = XCBuildConfiguration;
			baseConfigurationReference = 0887A182A21ED76531A9BFCE /* Pods-MQTTSwift.release.xcconfig */;
			buildSettings = {
				ASSETCATALOG_COMPILER_APPICON_NAME = AppIcon;
				INFOPLIST_FILE = Example/Info.plist;
				LD_RUNPATH_SEARCH_PATHS = "$(inherited) @executable_path/Frameworks";
				PRODUCT_BUNDLE_IDENTIFIER = org.owntracks.MQTTSwift;
				PRODUCT_NAME = "$(TARGET_NAME)";
			};
			name = Release;
		};
		C7373049229D5DD300E974EA /* Debug */ = {
			isa = XCBuildConfiguration;
			buildSettings = {
				CLANG_ANALYZER_NUMBER_OBJECT_CONVERSION = YES_AGGRESSIVE;
				CLANG_CXX_LANGUAGE_STANDARD = "gnu++14";
				CLANG_ENABLE_OBJC_WEAK = YES;
				CLANG_WARN_DOCUMENTATION_COMMENTS = YES;
				CLANG_WARN_UNGUARDED_AVAILABILITY = YES_AGGRESSIVE;
				CODE_SIGN_IDENTITY = "iPhone Developer";
				CODE_SIGN_STYLE = Automatic;
				GCC_C_LANGUAGE_STANDARD = gnu11;
				INFOPLIST_FILE = UITests/Info.plist;
				IPHONEOS_DEPLOYMENT_TARGET = 12.2;
				LD_RUNPATH_SEARCH_PATHS = "$(inherited) @executable_path/Frameworks @loader_path/Frameworks";
				MTL_ENABLE_DEBUG_INFO = INCLUDE_SOURCE;
				MTL_FAST_MATH = YES;
				PRODUCT_BUNDLE_IDENTIFIER = com.novastonemedia.UITests;
				PRODUCT_NAME = "$(TARGET_NAME)";
				SWIFT_ACTIVE_COMPILATION_CONDITIONS = DEBUG;
				SWIFT_VERSION = 5.0;
				TARGETED_DEVICE_FAMILY = "1,2";
				TEST_TARGET_NAME = Example;
			};
			name = Debug;
		};
		C737304A229D5DD300E974EA /* Release */ = {
			isa = XCBuildConfiguration;
			buildSettings = {
				CLANG_ANALYZER_NUMBER_OBJECT_CONVERSION = YES_AGGRESSIVE;
				CLANG_CXX_LANGUAGE_STANDARD = "gnu++14";
				CLANG_ENABLE_OBJC_WEAK = YES;
				CLANG_WARN_DOCUMENTATION_COMMENTS = YES;
				CLANG_WARN_UNGUARDED_AVAILABILITY = YES_AGGRESSIVE;
				CODE_SIGN_IDENTITY = "iPhone Developer";
				CODE_SIGN_STYLE = Automatic;
				GCC_C_LANGUAGE_STANDARD = gnu11;
				INFOPLIST_FILE = UITests/Info.plist;
				IPHONEOS_DEPLOYMENT_TARGET = 12.2;
				LD_RUNPATH_SEARCH_PATHS = "$(inherited) @executable_path/Frameworks @loader_path/Frameworks";
				MTL_FAST_MATH = YES;
				PRODUCT_BUNDLE_IDENTIFIER = com.novastonemedia.UITests;
				PRODUCT_NAME = "$(TARGET_NAME)";
				SWIFT_VERSION = 5.0;
				TARGETED_DEVICE_FAMILY = "1,2";
				TEST_TARGET_NAME = Example;
			};
			name = Release;
		};
/* End XCBuildConfiguration section */

/* Begin XCConfigurationList section */
		84B65C621CF39DA50089B477 /* Build configuration list for PBXProject "Example" */ = {
			isa = XCConfigurationList;
			buildConfigurations = (
				84B65C771CF39DA50089B477 /* Debug */,
				84B65C781CF39DA50089B477 /* Release */,
			);
			defaultConfigurationIsVisible = 0;
			defaultConfigurationName = Release;
		};
		84B65C791CF39DA50089B477 /* Build configuration list for PBXNativeTarget "Example" */ = {
			isa = XCConfigurationList;
			buildConfigurations = (
				84B65C7A1CF39DA50089B477 /* Debug */,
				84B65C7B1CF39DA50089B477 /* Release */,
			);
			defaultConfigurationIsVisible = 0;
			defaultConfigurationName = Release;
		};
		C737304B229D5DD300E974EA /* Build configuration list for PBXNativeTarget "UITests" */ = {
			isa = XCConfigurationList;
			buildConfigurations = (
				C7373049229D5DD300E974EA /* Debug */,
				C737304A229D5DD300E974EA /* Release */,
			);
			defaultConfigurationIsVisible = 0;
			defaultConfigurationName = Release;
		};
/* End XCConfigurationList section */
	};
	rootObject = 84B65C5F1CF39DA50089B477 /* Project object */;
}
