PODS:
  - CocoaLumberjack (2.3.0):
    - CocoaLumberjack/Default (= 2.3.0)
    - CocoaLumberjack/Extensions (= 2.3.0)
  - CocoaLumberjack/Core (2.3.0)
  - CocoaLumberjack/Default (2.3.0):
    - CocoaLumberjack/Core
  - CocoaLumberjack/Extensions (2.3.0):
    - CocoaLumberjack/Default
  - MQTTClient (0.7.7):
    - MQTTClient/Core (= 0.7.7)
  - MQTTClient/Core (0.7.7):
    - CocoaLumberjack

DEPENDENCIES:
  - MQTTClient

SPEC CHECKSUMS:
  CocoaLumberjack: 97fab7ee5f507fe54445cca7ea80f926729cfd15
  MQTTClient: 456349d584c2cb0d9a1c67c7156b891d58351480

PODFILE CHECKSUM: af571314a52a531a6272d07c02236032bb373dea

COCOAPODS: 1.0.0
