PODS:
  - CocoaLumberjack (3.3.0):
    - CocoaLumberjack/Default (= 3.3.0)
    - CocoaLumberjack/Extensions (= 3.3.0)
  - CocoaLumberjack/Default (3.3.0)
  - CocoaLumberjack/Extensions (3.3.0):
    - CocoaLumberjack/Default
  - MQTTClient/Manager (5.0.0):
    - MQTTClient/Min
  - MQTTClient/ManagerL (5.0.0):
    - MQTTClient/MinL
  - MQTTClient/Min (5.0.0)
  - MQTTClient/MinL (5.0.0):
    - CocoaLumberjack
  - MQTTClient/Websocket (5.0.0):
    - MQTTClient/Min
    - SocketRocket
  - MQTTClient/WebsocketL (5.0.0):
    - MQTTClient/MinL
    - SocketRocket
  - SocketRocket (0.5.1)

DEPENDENCIES:
  - CocoaLumberjack
  - MQTTClient/Manager (from `..`)
  - MQTTClient/ManagerL (from `..`)
  - MQTTClient/Min (from `..`)
  - MQTTClient/MinL (from `..`)
  - MQTTClient/Websocket (from `..`)
  - MQTTClient/WebsocketL (from `..`)

EXTERNAL SOURCES:
  MQTTClient:
    :path: ..

SPEC CHECKSUMS:
  CocoaLumberjack: 3c8c74683302f9012bb168e1c4b7ae3c0b558431
  MQTTClient: 647f3ea7bdbbe3718f90cfb3ae4ab80f9d115d64
  SocketRocket: d57c7159b83c3c6655745cd15302aa24b6bae531

PODFILE CHECKSUM: 9f19c863d3d9e0887a594a269a55d80f1b8eab5f

COCOAPODS: 1.4.0.beta.1
