PODS:
  - CocoaLumberjack (3.7.4):
    - CocoaLumberjack/Core (= 3.7.4)
  - CocoaLumberjack/Core (3.7.4)
  - MQTTClient/ManagerL (1.0.3):
    - MQTTClient/MinL
  - MQTTClient/MinL (1.0.3):
    - CocoaLumberjack (= 3.7.4)
  - MQTTClient/WebsocketL (1.0.3):
    - MQTTClient/MinL
    - SocketRocket
  - SocketRocket (0.6.0)

DEPENDENCIES:
  - CocoaLumberjack (= 3.7.4)
  - MQTTClient/ManagerL (from `..`)
  - MQTTClient/MinL (from `..`)
  - MQTTClient/WebsocketL (from `..`)

SPEC REPOS:
  trunk:
    - CocoaLumberjack
    - SocketRocket

EXTERNAL SOURCES:
  MQTTClient:
    :path: ".."

SPEC CHECKSUMS:
  CocoaLumberjack: 543c79c114dadc3b1aba95641d8738b06b05b646
  MQTTClient: 7a65386c8234d1efda908906f7a6d6bb42d02daa
  SocketRocket: fccef3f9c5cedea1353a9ef6ada904fde10d6608

PODFILE CHECKSUM: fe6c41669bafc535e543e06af0022ec45e3be226

COCOAPODS: 1.11.3
